
Microsoft Visual Studio Solution File, Format Version 12.00
# Visual Studio Version 17
VisualStudioVersion = 17.14.36603.0 d17.14
MinimumVisualStudioVersion = 10.0.40219.1
Project("{FAE04EC0-301F-11D3-BF4B-00C04F79EFBC}") = "LibraryCatalog", "LibraryCatalog.csproj", "{4A450596-AD86-4DCE-A6F9-35684A3E77DB}"
EndProject
Global
	GlobalSection(SolutionConfigurationPlatforms) = preSolution
		Debug|Any CPU = Debug|Any CPU
		Release|Any CPU = Release|Any CPU
	EndGlobalSection
	GlobalSection(ProjectConfigurationPlatforms) = postSolution
		{4A450596-AD86-4DCE-A6F9-35684A3E77DB}.Debug|Any CPU.ActiveCfg = Debug|Any CPU
		{4A450596-AD86-4DCE-A6F9-35684A3E77DB}.Debug|Any CPU.Build.0 = Debug|Any CPU
		{4A450596-AD86-4DCE-A6F9-35684A3E77DB}.Release|Any CPU.ActiveCfg = Release|Any CPU
		{4A450596-AD86-4DCE-A6F9-35684A3E77DB}.Release|Any CPU.Build.0 = Release|Any CPU
	EndGlobalSection
	GlobalSection(SolutionProperties) = preSolution
		HideSolutionNode = FALSE
	EndGlobalSection
	GlobalSection(ExtensibilityGlobals) = postSolution
		SolutionGuid = {08116853-B798-4CF1-887C-8ACAB4D3E7BD}
	EndGlobalSection
EndGlobal
